// !$*UTF8*$!
{
	archiveVersion = 1;
	classes = {
	};
	objectVersion = 51;
	objects = {

/* Begin PBXBuildFile section */
		6547EAAF247B91540065642E /* AppDelegate.swift in Sources */ = {isa = PBXBuildFile; fileRef = 6547EAAE247B91540065642E /* AppDelegate.swift */; };
		6547EAB1247B91540065642E /* SceneDelegate.swift in Sources */ = {isa = PBXBuildFile; fileRef = 6547EAB0247B91540065642E /* SceneDelegate.swift */; };
		6547EAB6247B91540065642E /* Main.storyboard in Resources */ = {isa = PBXBuildFile; fileRef = 6547EAB4247B91540065642E /* Main.storyboard */; };
		6547EAB8247B91550065642E /* Assets.xcassets in Resources */ = {isa = PBXBuildFile; fileRef = 6547EAB7247B91550065642E /* Assets.xcassets */; };
		6547EABB247B91550065642E /* LaunchScreen.storyboard in Resources */ = {isa = PBXBuildFile; fileRef = 6547EAB9247B91550065642E /* LaunchScreen.storyboard */; };
		6547EAC5247B96760065642E /* GoogleService-Info.plist in Resources */ = {isa = PBXBuildFile; fileRef = 6547EAC4247B96760065642E /* GoogleService-Info.plist */; };
		6547EAC7247B97E40065642E /* CreateAccount.storyboard in Resources */ = {isa = PBXBuildFile; fileRef = 6547EAC6247B97E40065642E /* CreateAccount.storyboard */; };
		6547EAC9247B97F80065642E /* Home.storyboard in Resources */ = {isa = PBXBuildFile; fileRef = 6547EAC8247B97F80065642E /* Home.storyboard */; };
		6547EACB247B98010065642E /* ImageSelect.storyboard in Resources */ = {isa = PBXBuildFile; fileRef = 6547EACA247B98010065642E /* ImageSelect.storyboard */; };
		6547EACD247B98090065642E /* Login.storyboard in Resources */ = {isa = PBXBuildFile; fileRef = 6547EACC247B98090065642E /* Login.storyboard */; };
		6547EACF247B98120065642E /* Setting.storyboard in Resources */ = {isa = PBXBuildFile; fileRef = 6547EACE247B98120065642E /* Setting.storyboard */; };
		658C00CB247B99CE004E8F7A /* HomeViewController.swift in Sources */ = {isa = PBXBuildFile; fileRef = 658C00CA247B99CE004E8F7A /* HomeViewController.swift */; };
		658C00CD247B99D5004E8F7A /* LoginViewController.swift in Sources */ = {isa = PBXBuildFile; fileRef = 658C00CC247B99D5004E8F7A /* LoginViewController.swift */; };
		658C00CF247B99DD004E8F7A /* CreateAccountViewController.swift in Sources */ = {isa = PBXBuildFile; fileRef = 658C00CE247B99DD004E8F7A /* CreateAccountViewController.swift */; };
		658C00D1247B99E6004E8F7A /* ImageSelectViewController.swift in Sources */ = {isa = PBXBuildFile; fileRef = 658C00D0247B99E6004E8F7A /* ImageSelectViewController.swift */; };
		658C00D3247B99ED004E8F7A /* SettingViewController.swift in Sources */ = {isa = PBXBuildFile; fileRef = 658C00D2247B99ED004E8F7A /* SettingViewController.swift */; };
		658C00D5247B9B73004E8F7A /* Camera.storyboard in Resources */ = {isa = PBXBuildFile; fileRef = 658C00D4247B9B73004E8F7A /* Camera.storyboard */; };
		658C00D7247B9BC1004E8F7A /* CameraViewController.swift in Sources */ = {isa = PBXBuildFile; fileRef = 658C00D6247B9BC1004E8F7A /* CameraViewController.swift */; };
		658C00D9247B9EE6004E8F7A /* TabBarController.swift in Sources */ = {isa = PBXBuildFile; fileRef = 658C00D8247B9EE6004E8F7A /* TabBarController.swift */; };
		DD5CD07903F3E17B5201386B /* Pods_Final.framework in Frameworks */ = {isa = PBXBuildFile; fileRef = E781F0CF11948667223020B8 /* Pods_Final.framework */; };
/* End PBXBuildFile section */

/* Begin PBXFileReference section */
		5FA54DEC43B6F60DA3BDCBCC /* Pods-Final.release.xcconfig */ = {isa = PBXFileReference; includeInIndex = 1; lastKnownFileType = text.xcconfig; name = "Pods-Final.release.xcconfig"; path = "Target Support Files/Pods-Final/Pods-Final.release.xcconfig"; sourceTree = "<group>"; };
		6547EAAB247B91540065642E /* Final.app */ = {isa = PBXFileReference; explicitFileType = wrapper.application; includeInIndex = 0; path = Final.app; sourceTree = BUILT_PRODUCTS_DIR; };
		6547EAAE247B91540065642E /* AppDelegate.swift */ = {isa = PBXFileReference; lastKnownFileType = sourcecode.swift; path = AppDelegate.swift; sourceTree = "<group>"; };
		6547EAB0247B91540065642E /* SceneDelegate.swift */ = {isa = PBXFileReference; lastKnownFileType = sourcecode.swift; path = SceneDelegate.swift; sourceTree = "<group>"; };
		6547EAB5247B91540065642E /* Base */ = {isa = PBXFileReference; lastKnownFileType = file.storyboard; name = Base; path = Base.lproj/Main.storyboard; sourceTree = "<group>"; };
		6547EAB7247B91550065642E /* Assets.xcassets */ = {isa = PBXFileReference; lastKnownFileType = folder.assetcatalog; path = Assets.xcassets; sourceTree = "<group>"; };
		6547EABA247B91550065642E /* Base */ = {isa = PBXFileReference; lastKnownFileType = file.storyboard; name = Base; path = Base.lproj/LaunchScreen.storyboard; sourceTree = "<group>"; };
		6547EABC247B91550065642E /* Info.plist */ = {isa = PBXFileReference; lastKnownFileType = text.plist.xml; path = Info.plist; sourceTree = "<group>"; };
		6547EAC4247B96760065642E /* GoogleService-Info.plist */ = {isa = PBXFileReference; fileEncoding = 4; lastKnownFileType = text.plist.xml; path = "GoogleService-Info.plist"; sourceTree = "<group>"; };
		6547EAC6247B97E40065642E /* CreateAccount.storyboard */ = {isa = PBXFileReference; lastKnownFileType = file.storyboard; path = CreateAccount.storyboard; sourceTree = "<group>"; };
		6547EAC8247B97F80065642E /* Home.storyboard */ = {isa = PBXFileReference; lastKnownFileType = file.storyboard; path = Home.storyboard; sourceTree = "<group>"; };
		6547EACA247B98010065642E /* ImageSelect.storyboard */ = {isa = PBXFileReference; lastKnownFileType = file.storyboard; path = ImageSelect.storyboard; sourceTree = "<group>"; };
		6547EACC247B98090065642E /* Login.storyboard */ = {isa = PBXFileReference; lastKnownFileType = file.storyboard; path = Login.storyboard; sourceTree = "<group>"; };
		6547EACE247B98120065642E /* Setting.storyboard */ = {isa = PBXFileReference; lastKnownFileType = file.storyboard; path = Setting.storyboard; sourceTree = "<group>"; };
		658C00CA247B99CE004E8F7A /* HomeViewController.swift */ = {isa = PBXFileReference; lastKnownFileType = sourcecode.swift; path = HomeViewController.swift; sourceTree = "<group>"; };
		658C00CC247B99D5004E8F7A /* LoginViewController.swift */ = {isa = PBXFileReference; lastKnownFileType = sourcecode.swift; path = LoginViewController.swift; sourceTree = "<group>"; };
		658C00CE247B99DD004E8F7A /* CreateAccountViewController.swift */ = {isa = PBXFileReference; lastKnownFileType = sourcecode.swift; path = CreateAccountViewController.swift; sourceTree = "<group>"; };
		658C00D0247B99E6004E8F7A /* ImageSelectViewController.swift */ = {isa = PBXFileReference; lastKnownFileType = sourcecode.swift; path = ImageSelectViewController.swift; sourceTree = "<group>"; };
		658C00D2247B99ED004E8F7A /* SettingViewController.swift */ = {isa = PBXFileReference; lastKnownFileType = sourcecode.swift; path = SettingViewController.swift; sourceTree = "<group>"; };
		658C00D4247B9B73004E8F7A /* Camera.storyboard */ = {isa = PBXFileReference; lastKnownFileType = file.storyboard; path = Camera.storyboard; sourceTree = "<group>"; };
		658C00D6247B9BC1004E8F7A /* CameraViewController.swift */ = {isa = PBXFileReference; lastKnownFileType = sourcecode.swift; path = CameraViewController.swift; sourceTree = "<group>"; };
		658C00D8247B9EE6004E8F7A /* TabBarController.swift */ = {isa = PBXFileReference; lastKnownFileType = sourcecode.swift; path = TabBarController.swift; sourceTree = "<group>"; };
		709B82A10527901FF4D6516B /* Pods-Final.debug.xcconfig */ = {isa = PBXFileReference; includeInIndex = 1; lastKnownFileType = text.xcconfig; name = "Pods-Final.debug.xcconfig"; path = "Target Support Files/Pods-Final/Pods-Final.debug.xcconfig"; sourceTree = "<group>"; };
		E781F0CF11948667223020B8 /* Pods_Final.framework */ = {isa = PBXFileReference; explicitFileType = wrapper.framework; includeInIndex = 0; path = Pods_Final.framework; sourceTree = BUILT_PRODUCTS_DIR; };
/* End PBXFileReference section */

/* Begin PBXFrameworksBuildPhase section */
		6547EAA8247B91540065642E /* Frameworks */ = {
			isa = PBXFrameworksBuildPhase;
			buildActionMask = 2147483647;
			files = (
				DD5CD07903F3E17B5201386B /* Pods_Final.framework in Frameworks */,
			);
			runOnlyForDeploymentPostprocessing = 0;
		};
/* End PBXFrameworksBuildPhase section */

/* Begin PBXGroup section */
		0AF3514F7E9FA5199D93B9AC /* Frameworks */ = {
			isa = PBXGroup;
			children = (
				E781F0CF11948667223020B8 /* Pods_Final.framework */,
			);
			name = Frameworks;
			sourceTree = "<group>";
		};
		3DC3C4D62944B91429BEED86 /* Pods */ = {
			isa = PBXGroup;
			children = (
				709B82A10527901FF4D6516B /* Pods-Final.debug.xcconfig */,
				5FA54DEC43B6F60DA3BDCBCC /* Pods-Final.release.xcconfig */,
			);
			path = Pods;
			sourceTree = "<group>";
		};
		6547EAA2247B91540065642E = {
			isa = PBXGroup;
			children = (
				6547EAAD247B91540065642E /* Final */,
				6547EAAC247B91540065642E /* Products */,
				3DC3C4D62944B91429BEED86 /* Pods */,
				0AF3514F7E9FA5199D93B9AC /* Frameworks */,
			);
			sourceTree = "<group>";
		};
		6547EAAC247B91540065642E /* Products */ = {
			isa = PBXGroup;
			children = (
				6547EAAB247B91540065642E /* Final.app */,
			);
			name = Products;
			sourceTree = "<group>";
		};
		6547EAAD247B91540065642E /* Final */ = {
			isa = PBXGroup;
			children = (
				6547EAAE247B91540065642E /* AppDelegate.swift */,
				6547EAB0247B91540065642E /* SceneDelegate.swift */,
				658C00CA247B99CE004E8F7A /* HomeViewController.swift */,
				658C00CC247B99D5004E8F7A /* LoginViewController.swift */,
				658C00CE247B99DD004E8F7A /* CreateAccountViewController.swift */,
				658C00D0247B99E6004E8F7A /* ImageSelectViewController.swift */,
				658C00D2247B99ED004E8F7A /* SettingViewController.swift */,
				658C00D6247B9BC1004E8F7A /* CameraViewController.swift */,
				658C00D8247B9EE6004E8F7A /* TabBarController.swift */,
				6547EAC3247B91A80065642E /* Storyboard */,
				6547EAB7247B91550065642E /* Assets.xcassets */,
				6547EAC4247B96760065642E /* GoogleService-Info.plist */,
				6547EABC247B91550065642E /* Info.plist */,
			);
			path = Final;
			sourceTree = "<group>";
		};
		6547EAC3247B91A80065642E /* Storyboard */ = {
			isa = PBXGroup;
			children = (
				6547EAB4247B91540065642E /* Main.storyboard */,
				6547EAC6247B97E40065642E /* CreateAccount.storyboard */,
				6547EAC8247B97F80065642E /* Home.storyboard */,
				658C00D4247B9B73004E8F7A /* Camera.storyboard */,
				6547EACA247B98010065642E /* ImageSelect.storyboard */,
				6547EACC247B98090065642E /* Login.storyboard */,
				6547EACE247B98120065642E /* Setting.storyboard */,
				6547EAB9247B91550065642E /* LaunchScreen.storyboard */,
			);
			path = Storyboard;
			sourceTree = "<group>";
		};
/* End PBXGroup section */

/* Begin PBXNativeTarget section */
		6547EAAA247B91540065642E /* Final */ = {
			isa = PBXNativeTarget;
			buildConfigurationList = 6547EABF247B91550065642E /* Build configuration list for PBXNativeTarget "Final" */;
			buildPhases = (
				AB73306E5FFE53DCCDBDD411 /* [CP] Check Pods Manifest.lock */,
				6547EAA7247B91540065642E /* Sources */,
				6547EAA8247B91540065642E /* Frameworks */,
				6547EAA9247B91540065642E /* Resources */,
				98CAFF720E63E3B608C5C15C /* [CP] Embed Pods Frameworks */,
			);
			buildRules = (
			);
			dependencies = (
			);
			name = Final;
			productName = Final;
			productReference = 6547EAAB247B91540065642E /* Final.app */;
			productType = "com.apple.product-type.application";
		};
/* End PBXNativeTarget section */

/* Begin PBXProject section */
		6547EAA3247B91540065642E /* Project object */ = {
			isa = PBXProject;
			attributes = {
				LastSwiftUpdateCheck = 1150;
				LastUpgradeCheck = 1150;
				ORGANIZATIONNAME = Kakeshin;
				TargetAttributes = {
					6547EAAA247B91540065642E = {
						CreatedOnToolsVersion = 11.5;
					};
				};
			};
			buildConfigurationList = 6547EAA6247B91540065642E /* Build configuration list for PBXProject "Final" */;
			compatibilityVersion = "Xcode 9.3";
			developmentRegion = en;
			hasScannedForEncodings = 0;
			knownRegions = (
				en,
				Base,
			);
			mainGroup = 6547EAA2247B91540065642E;
			productRefGroup = 6547EAAC247B91540065642E /* Products */;
			projectDirPath = "";
			projectRoot = "";
			targets = (
				6547EAAA247B91540065642E /* Final */,
			);
		};
/* End PBXProject section */

/* Begin PBXResourcesBuildPhase section */
		6547EAA9247B91540065642E /* Resources */ = {
			isa = PBXResourcesBuildPhase;
			buildActionMask = 2147483647;
			files = (
				6547EACD247B98090065642E /* Login.storyboard in Resources */,
				6547EABB247B91550065642E /* LaunchScreen.storyboard in Resources */,
				6547EAC5247B96760065642E /* GoogleService-Info.plist in Resources */,
				6547EACB247B98010065642E /* ImageSelect.storyboard in Resources */,
				6547EAB8247B91550065642E /* Assets.xcassets in Resources */,
				6547EACF247B98120065642E /* Setting.storyboard in Resources */,
				6547EAC9247B97F80065642E /* Home.storyboard in Resources */,
				6547EAC7247B97E40065642E /* CreateAccount.storyboard in Resources */,
				6547EAB6247B91540065642E /* Main.storyboard in Resources */,
				658C00D5247B9B73004E8F7A /* Camera.storyboard in Resources */,
			);
			runOnlyForDeploymentPostprocessing = 0;
		};
/* End PBXResourcesBuildPhase section */

/* Begin PBXShellScriptBuildPhase section */
		98CAFF720E63E3B608C5C15C /* [CP] Embed Pods Frameworks */ = {
			isa = PBXShellScriptBuildPhase;
			buildActionMask = 2147483647;
			files = (
			);
			inputFileListPaths = (
				"${PODS_ROOT}/Target Support Files/Pods-Final/Pods-Final-frameworks-${CONFIGURATION}-input-files.xcfilelist",
			);
			name = "[CP] Embed Pods Frameworks";
			outputFileListPaths = (
				"${PODS_ROOT}/Target Support Files/Pods-Final/Pods-Final-frameworks-${CONFIGURATION}-output-files.xcfilelist",
			);
			runOnlyForDeploymentPostprocessing = 0;
			shellPath = /bin/sh;
			shellScript = "\"${PODS_ROOT}/Target Support Files/Pods-Final/Pods-Final-frameworks.sh\"\n";
			showEnvVarsInLog = 0;
		};
		AB73306E5FFE53DCCDBDD411 /* [CP] Check Pods Manifest.lock */ = {
			isa = PBXShellScriptBuildPhase;
			buildActionMask = 2147483647;
			files = (
			);
			inputFileListPaths = (
			);
			inputPaths = (
				"${PODS_PODFILE_DIR_PATH}/Podfile.lock",
				"${PODS_ROOT}/Manifest.lock",
			);
			name = "[CP] Check Pods Manifest.lock";
			outputFileListPaths = (
			);
			outputPaths = (
				"$(DERIVED_FILE_DIR)/Pods-Final-checkManifestLockResult.txt",
			);
			runOnlyForDeploymentPostprocessing = 0;
			shellPath = /bin/sh;
			shellScript = "diff \"${PODS_PODFILE_DIR_PATH}/Podfile.lock\" \"${PODS_ROOT}/Manifest.lock\" > /dev/null\nif [ $? != 0 ] ; then\n    # print error to STDERR\n    echo \"error: The sandbox is not in sync with the Podfile.lock. Run 'pod install' or update your CocoaPods installation.\" >&2\n    exit 1\nfi\n# This output is used by Xcode 'outputs' to avoid re-running this script phase.\necho \"SUCCESS\" > \"${SCRIPT_OUTPUT_FILE_0}\"\n";
			showEnvVarsInLog = 0;
		};
/* End PBXShellScriptBuildPhase section */

/* Begin PBXSourcesBuildPhase section */
		6547EAA7247B91540065642E /* Sources */ = {
			isa = PBXSourcesBuildPhase;
			buildActionMask = 2147483647;
			files = (
				658C00D1247B99E6004E8F7A /* ImageSelectViewController.swift in Sources */,
				658C00CF247B99DD004E8F7A /* CreateAccountViewController.swift in Sources */,
				658C00D3247B99ED004E8F7A /* SettingViewController.swift in Sources */,
				658C00D9247B9EE6004E8F7A /* TabBarController.swift in Sources */,
				6547EAAF247B91540065642E /* AppDelegate.swift in Sources */,
				6547EAB1247B91540065642E /* SceneDelegate.swift in Sources */,
				658C00D7247B9BC1004E8F7A /* CameraViewController.swift in Sources */,
				658C00CD247B99D5004E8F7A /* LoginViewController.swift in Sources */,
				658C00CB247B99CE004E8F7A /* HomeViewController.swift in Sources */,
			);
			runOnlyForDeploymentPostprocessing = 0;
		};
/* End PBXSourcesBuildPhase section */

/* Begin PBXVariantGroup section */
		6547EAB4247B91540065642E /* Main.storyboard */ = {
			isa = PBXVariantGroup;
			children = (
				6547EAB5247B91540065642E /* Base */,
			);
			name = Main.storyboard;
			sourceTree = "<group>";
		};
		6547EAB9247B91550065642E /* LaunchScreen.storyboard */ = {
			isa = PBXVariantGroup;
			children = (
				6547EABA247B91550065642E /* Base */,
			);
			name = LaunchScreen.storyboard;
			sourceTree = "<group>";
		};
/* End PBXVariantGroup section */

/* Begin XCBuildConfiguration section */
		6547EABD247B91550065642E /* Debug */ = {
			isa = XCBuildConfiguration;
			buildSettings = {
				ALWAYS_SEARCH_USER_PATHS = NO;
				CLANG_ANALYZER_NONNULL = YES;
				CLANG_ANALYZER_NUMBER_OBJECT_CONVERSION = YES_AGGRESSIVE;
				CLANG_CXX_LANGUAGE_STANDARD = "gnu++14";
				CLANG_CXX_LIBRARY = "libc++";
				CLANG_ENABLE_MODULES = YES;
				CLANG_ENABLE_OBJC_ARC = YES;
				CLANG_ENABLE_OBJC_WEAK = YES;
				CLANG_WARN_BLOCK_CAPTURE_AUTORELEASING = YES;
				CLANG_WARN_BOOL_CONVERSION = YES;
				CLANG_WARN_COMMA = YES;
				CLANG_WARN_CONSTANT_CONVERSION = YES;
				CLANG_WARN_DEPRECATED_OBJC_IMPLEMENTATIONS = YES;
				CLANG_WARN_DIRECT_OBJC_ISA_USAGE = YES_ERROR;
				CLANG_WARN_DOCUMENTATION_COMMENTS = YES;
				CLANG_WARN_EMPTY_BODY = YES;
				CLANG_WARN_ENUM_CONVERSION = YES;
				CLANG_WARN_INFINITE_RECURSION = YES;
				CLANG_WARN_INT_CONVERSION = YES;
				CLANG_WARN_NON_LITERAL_NULL_CONVERSION = YES;
				CLANG_WARN_OBJC_IMPLICIT_RETAIN_SELF = YES;
				CLANG_WARN_OBJC_LITERAL_CONVERSION = YES;
				CLANG_WARN_OBJC_ROOT_CLASS = YES_ERROR;
				CLANG_WARN_RANGE_LOOP_ANALYSIS = YES;
				CLANG_WARN_STRICT_PROTOTYPES = YES;
				CLANG_WARN_SUSPICIOUS_MOVE = YES;
				CLANG_WARN_UNGUARDED_AVAILABILITY = YES_AGGRESSIVE;
				CLANG_WARN_UNREACHABLE_CODE = YES;
				CLANG_WARN__DUPLICATE_METHOD_MATCH = YES;
				COPY_PHASE_STRIP = NO;
				DEBUG_INFORMATION_FORMAT = dwarf;
				ENABLE_STRICT_OBJC_MSGSEND = YES;
				ENABLE_TESTABILITY = YES;
				GCC_C_LANGUAGE_STANDARD = gnu11;
				GCC_DYNAMIC_NO_PIC = NO;
				GCC_NO_COMMON_BLOCKS = YES;
				GCC_OPTIMIZATION_LEVEL = 0;
				GCC_PREPROCESSOR_DEFINITIONS = (
					"DEBUG=1",
					"$(inherited)",
				);
				GCC_WARN_64_TO_32_BIT_CONVERSION = YES;
				GCC_WARN_ABOUT_RETURN_TYPE = YES_ERROR;
				GCC_WARN_UNDECLARED_SELECTOR = YES;
				GCC_WARN_UNINITIALIZED_AUTOS = YES_AGGRESSIVE;
				GCC_WARN_UNUSED_FUNCTION = YES;
				GCC_WARN_UNUSED_VARIABLE = YES;
				IPHONEOS_DEPLOYMENT_TARGET = 13.5;
				MTL_ENABLE_DEBUG_INFO = INCLUDE_SOURCE;
				MTL_FAST_MATH = YES;
				ONLY_ACTIVE_ARCH = YES;
				SDKROOT = iphoneos;
				SWIFT_ACTIVE_COMPILATION_CONDITIONS = DEBUG;
				SWIFT_OPTIMIZATION_LEVEL = "-Onone";
			};
			name = Debug;
		};
		6547EABE247B91550065642E /* Release */ = {
			isa = XCBuildConfiguration;
			buildSettings = {
				ALWAYS_SEARCH_USER_PATHS = NO;
				CLANG_ANALYZER_NONNULL = YES;
				CLANG_ANALYZER_NUMBER_OBJECT_CONVERSION = YES_AGGRESSIVE;
				CLANG_CXX_LANGUAGE_STANDARD = "gnu++14";
				CLANG_CXX_LIBRARY = "libc++";
				CLANG_ENABLE_MODULES = YES;
				CLANG_ENABLE_OBJC_ARC = YES;
				CLANG_ENABLE_OBJC_WEAK = YES;
				CLANG_WARN_BLOCK_CAPTURE_AUTORELEASING = YES;
				CLANG_WARN_BOOL_CONVERSION = YES;
				CLANG_WARN_COMMA = YES;
				CLANG_WARN_CONSTANT_CONVERSION = YES;
				CLANG_WARN_DEPRECATED_OBJC_IMPLEMENTATIONS = YES;
				CLANG_WARN_DIRECT_OBJC_ISA_USAGE = YES_ERROR;
				CLANG_WARN_DOCUMENTATION_COMMENTS = YES;
				CLANG_WARN_EMPTY_BODY = YES;
				CLANG_WARN_ENUM_CONVERSION = YES;
				CLANG_WARN_INFINITE_RECURSION = YES;
				CLANG_WARN_INT_CONVERSION = YES;
				CLANG_WARN_NON_LITERAL_NULL_CONVERSION = YES;
				CLANG_WARN_OBJC_IMPLICIT_RETAIN_SELF = YES;
				CLANG_WARN_OBJC_LITERAL_CONVERSION = YES;
				CLANG_WARN_OBJC_ROOT_CLASS = YES_ERROR;
				CLANG_WARN_RANGE_LOOP_ANALYSIS = YES;
				CLANG_WARN_STRICT_PROTOTYPES = YES;
				CLANG_WARN_SUSPICIOUS_MOVE = YES;
				CLANG_WARN_UNGUARDED_AVAILABILITY = YES_AGGRESSIVE;
				CLANG_WARN_UNREACHABLE_CODE = YES;
				CLANG_WARN__DUPLICATE_METHOD_MATCH = YES;
				COPY_PHASE_STRIP = NO;
				DEBUG_INFORMATION_FORMAT = "dwarf-with-dsym";
				ENABLE_NS_ASSERTIONS = NO;
				ENABLE_STRICT_OBJC_MSGSEND = YES;
				GCC_C_LANGUAGE_STANDARD = gnu11;
				GCC_NO_COMMON_BLOCKS = YES;
				GCC_WARN_64_TO_32_BIT_CONVERSION = YES;
				GCC_WARN_ABOUT_RETURN_TYPE = YES_ERROR;
				GCC_WARN_UNDECLARED_SELECTOR = YES;
				GCC_WARN_UNINITIALIZED_AUTOS = YES_AGGRESSIVE;
				GCC_WARN_UNUSED_FUNCTION = YES;
				GCC_WARN_UNUSED_VARIABLE = YES;
				IPHONEOS_DEPLOYMENT_TARGET = 13.5;
				MTL_ENABLE_DEBUG_INFO = NO;
				MTL_FAST_MATH = YES;
				SDKROOT = iphoneos;
				SWIFT_COMPILATION_MODE = wholemodule;
				SWIFT_OPTIMIZATION_LEVEL = "-O";
				VALIDATE_PRODUCT = YES;
			};
			name = Release;
		};
		6547EAC0247B91550065642E /* Debug */ = {
			isa = XCBuildConfiguration;
			baseConfigurationReference = 709B82A10527901FF4D6516B /* Pods-Final.debug.xcconfig */;
			buildSettings = {
				ASSETCATALOG_COMPILER_APPICON_NAME = AppIcon;
				CODE_SIGN_STYLE = Automatic;
				DEVELOPMENT_TEAM = V856RZTXN4;
				INFOPLIST_FILE = Final/Info.plist;
				IPHONEOS_DEPLOYMENT_TARGET = 13.4;
				LD_RUNPATH_SEARCH_PATHS = (
					"$(inherited)",
					"@executable_path/Frameworks",
				);
				PRODUCT_BUNDLE_IDENTIFIER = org.noplans.Final;
				PRODUCT_NAME = "$(TARGET_NAME)";
				SWIFT_VERSION = 5.0;
				TARGETED_DEVICE_FAMILY = 1;
			};
			name = Debug;
		};
		6547EAC1247B91550065642E /* Release */ = {
			isa = XCBuildConfiguration;
			baseConfigurationReference = 5FA54DEC43B6F60DA3BDCBCC /* Pods-Final.release.xcconfig */;
			buildSettings = {
				ASSETCATALOG_COMPILER_APPICON_NAME = AppIcon;
				CODE_SIGN_STYLE = Automatic;
				DEVELOPMENT_TEAM = V856RZTXN4;
				INFOPLIST_FILE = Final/Info.plist;
				IPHONEOS_DEPLOYMENT_TARGET = 13.4;
				LD_RUNPATH_SEARCH_PATHS = (
					"$(inherited)",
					"@executable_path/Frameworks",
				);
				PRODUCT_BUNDLE_IDENTIFIER = org.noplans.Final;
				PRODUCT_NAME = "$(TARGET_NAME)";
				SWIFT_VERSION = 5.0;
				TARGETED_DEVICE_FAMILY = 1;
			};
			name = Release;
		};
/* End XCBuildConfiguration section */

/* Begin XCConfigurationList section */
		6547EAA6247B91540065642E /* Build configuration list for PBXProject "Final" */ = {
			isa = XCConfigurationList;
			buildConfigurations = (
				6547EABD247B91550065642E /* Debug */,
				6547EABE247B91550065642E /* Release */,
			);
			defaultConfigurationIsVisible = 0;
			defaultConfigurationName = Release;
		};
		6547EABF247B91550065642E /* Build configuration list for PBXNativeTarget "Final" */ = {
			isa = XCConfigurationList;
			buildConfigurations = (
				6547EAC0247B91550065642E /* Debug */,
				6547EAC1247B91550065642E /* Release */,
			);
			defaultConfigurationIsVisible = 0;
			defaultConfigurationName = Release;
		};
/* End XCConfigurationList section */
	};
	rootObject = 6547EAA3247B91540065642E /* Project object */;
}
